// !$*UTF8*$!
{
	archiveVersion = 1;
	classes = {
	};
	objectVersion = 46;
	objects = {

/* Begin PBXBuildFile section */
		824E98AF1F351ACD00251320 /* AppDelegate.swift in Sources */ = {isa = PBXBuildFile; fileRef = 824E98AE1F351ACD00251320 /* AppDelegate.swift */; };
		824E98B11F351ACD00251320 /* ViewController.swift in Sources */ = {isa = PBXBuildFile; fileRef = 824E98B01F351ACD00251320 /* ViewController.swift */; };
		824E98B41F351ACD00251320 /* Main.storyboard in Resources */ = {isa = PBXBuildFile; fileRef = 824E98B21F351ACD00251320 /* Main.storyboard */; };
		824E98B71F351ACD00251320 /* MunchiOS.xcdatamodeld in Sources */ = {isa = PBXBuildFile; fileRef = 824E98B51F351ACD00251320 /* MunchiOS.xcdatamodeld */; };
		824E98B91F351ACD00251320 /* Assets.xcassets in Resources */ = {isa = PBXBuildFile; fileRef = 824E98B81F351ACD00251320 /* Assets.xcassets */; };
		824E98BC1F351ACD00251320 /* LaunchScreen.storyboard in Resources */ = {isa = PBXBuildFile; fileRef = 824E98BA1F351ACD00251320 /* LaunchScreen.storyboard */; };
		824E98C71F351ACD00251320 /* MunchiOSTests.swift in Sources */ = {isa = PBXBuildFile; fileRef = 824E98C61F351ACD00251320 /* MunchiOSTests.swift */; };
		824E98D21F351ACD00251320 /* MunchiOSUITests.swift in Sources */ = {isa = PBXBuildFile; fileRef = 824E98D11F351ACD00251320 /* MunchiOSUITests.swift */; };
/* End PBXBuildFile section */

/* Begin PBXContainerItemProxy section */
		824E98C31F351ACD00251320 /* PBXContainerItemProxy */ = {
			isa = PBXContainerItemProxy;
			containerPortal = 824E98A31F351ACD00251320 /* Project object */;
			proxyType = 1;
			remoteGlobalIDString = 824E98AA1F351ACD00251320;
			remoteInfo = MunchiOS;
		};
		824E98CE1F351ACD00251320 /* PBXContainerItemProxy */ = {
			isa = PBXContainerItemProxy;
			containerPortal = 824E98A31F351ACD00251320 /* Project object */;
			proxyType = 1;
			remoteGlobalIDString = 824E98AA1F351ACD00251320;
			remoteInfo = MunchiOS;
		};
/* End PBXContainerItemProxy section */

/* Begin PBXFileReference section */
		824E98AB1F351ACD00251320 /* MunchiOS.app */ = {isa = PBXFileReference; explicitFileType = wrapper.application; includeInIndex = 0; path = MunchiOS.app; sourceTree = BUILT_PRODUCTS_DIR; };
		824E98AE1F351ACD00251320 /* AppDelegate.swift */ = {isa = PBXFileReference; lastKnownFileType = sourcecode.swift; path = AppDelegate.swift; sourceTree = "<group>"; };
		824E98B01F351ACD00251320 /* ViewController.swift */ = {isa = PBXFileReference; lastKnownFileType = sourcecode.swift; path = ViewController.swift; sourceTree = "<group>"; };
		824E98B31F351ACD00251320 /* Base */ = {isa = PBXFileReference; lastKnownFileType = file.storyboard; name = Base; path = Base.lproj/Main.storyboard; sourceTree = "<group>"; };
		824E98B61F351ACD00251320 /* MunchiOS.xcdatamodel */ = {isa = PBXFileReference; lastKnownFileType = wrapper.xcdatamodel; path = MunchiOS.xcdatamodel; sourceTree = "<group>"; };
		824E98B81F351ACD00251320 /* Assets.xcassets */ = {isa = PBXFileReference; lastKnownFileType = folder.assetcatalog; path = Assets.xcassets; sourceTree = "<group>"; };
		824E98BB1F351ACD00251320 /* Base */ = {isa = PBXFileReference; lastKnownFileType = file.storyboard; name = Base; path = Base.lproj/LaunchScreen.storyboard; sourceTree = "<group>"; };
		824E98BD1F351ACD00251320 /* Info.plist */ = {isa = PBXFileReference; lastKnownFileType = text.plist.xml; path = Info.plist; sourceTree = "<group>"; };
		824E98C21F351ACD00251320 /* MunchiOSTests.xctest */ = {isa = PBXFileReference; explicitFileType = wrapper.cfbundle; includeInIndex = 0; path = MunchiOSTests.xctest; sourceTree = BUILT_PRODUCTS_DIR; };
		824E98C61F351ACD00251320 /* MunchiOSTests.swift */ = {isa = PBXFileReference; lastKnownFileType = sourcecode.swift; path = MunchiOSTests.swift; sourceTree = "<group>"; };
		824E98C81F351ACD00251320 /* Info.plist */ = {isa = PBXFileReference; lastKnownFileType = text.plist.xml; path = Info.plist; sourceTree = "<group>"; };
		824E98CD1F351ACD00251320 /* MunchiOSUITests.xctest */ = {isa = PBXFileReference; explicitFileType = wrapper.cfbundle; includeInIndex = 0; path = MunchiOSUITests.xctest; sourceTree = BUILT_PRODUCTS_DIR; };
		824E98D11F351ACD00251320 /* MunchiOSUITests.swift */ = {isa = PBXFileReference; lastKnownFileType = sourcecode.swift; path = MunchiOSUITests.swift; sourceTree = "<group>"; };
		824E98D31F351ACD00251320 /* Info.plist */ = {isa = PBXFileReference; lastKnownFileType = text.plist.xml; path = Info.plist; sourceTree = "<group>"; };
/* End PBXFileReference section */

/* Begin PBXFrameworksBuildPhase section */
		824E98A81F351ACD00251320 /* Frameworks */ = {
			isa = PBXFrameworksBuildPhase;
			buildActionMask = 2147483647;
			files = (
			);
			runOnlyForDeploymentPostprocessing = 0;
		};
		824E98BF1F351ACD00251320 /* Frameworks */ = {
			isa = PBXFrameworksBuildPhase;
			buildActionMask = 2147483647;
			files = (
			);
			runOnlyForDeploymentPostprocessing = 0;
		};
		824E98CA1F351ACD00251320 /* Frameworks */ = {
			isa = PBXFrameworksBuildPhase;
			buildActionMask = 2147483647;
			files = (
			);
			runOnlyForDeploymentPostprocessing = 0;
		};
/* End PBXFrameworksBuildPhase section */

/* Begin PBXGroup section */
		824E98A21F351ACD00251320 = {
			isa = PBXGroup;
			children = (
				824E98AD1F351ACD00251320 /* MunchiOS */,
				824E98C51F351ACD00251320 /* MunchiOSTests */,
				824E98D01F351ACD00251320 /* MunchiOSUITests */,
				824E98AC1F351ACD00251320 /* Products */,
			);
			sourceTree = "<group>";
		};
		824E98AC1F351ACD00251320 /* Products */ = {
			isa = PBXGroup;
			children = (
				824E98AB1F351ACD00251320 /* MunchiOS.app */,
				824E98C21F351ACD00251320 /* MunchiOSTests.xctest */,
				824E98CD1F351ACD00251320 /* MunchiOSUITests.xctest */,
			);
			name = Products;
			sourceTree = "<group>";
		};
		824E98AD1F351ACD00251320 /* MunchiOS */ = {
			isa = PBXGroup;
			children = (
				824E98AE1F351ACD00251320 /* AppDelegate.swift */,
				824E98B01F351ACD00251320 /* ViewController.swift */,
				824E98B21F351ACD00251320 /* Main.storyboard */,
				824E98B81F351ACD00251320 /* Assets.xcassets */,
				824E98BA1F351ACD00251320 /* LaunchScreen.storyboard */,
				824E98BD1F351ACD00251320 /* Info.plist */,
				824E98B51F351ACD00251320 /* MunchiOS.xcdatamodeld */,
			);
			path = MunchiOS;
			sourceTree = "<group>";
		};
		824E98C51F351ACD00251320 /* MunchiOSTests */ = {
			isa = PBXGroup;
			children = (
				824E98C61F351ACD00251320 /* MunchiOSTests.swift */,
				824E98C81F351ACD00251320 /* Info.plist */,
			);
			path = MunchiOSTests;
			sourceTree = "<group>";
		};
		824E98D01F351ACD00251320 /* MunchiOSUITests */ = {
			isa = PBXGroup;
			children = (
				824E98D11F351ACD00251320 /* MunchiOSUITests.swift */,
				824E98D31F351ACD00251320 /* Info.plist */,
			);
			path = MunchiOSUITests;
			sourceTree = "<group>";
		};
/* End PBXGroup section */

/* Begin PBXNativeTarget section */
		824E98AA1F351ACD00251320 /* MunchiOS */ = {
			isa = PBXNativeTarget;
			buildConfigurationList = 824E98D61F351ACE00251320 /* Build configuration list for PBXNativeTarget "MunchiOS" */;
			buildPhases = (
				824E98A71F351ACD00251320 /* Sources */,
				824E98A81F351ACD00251320 /* Frameworks */,
				824E98A91F351ACD00251320 /* Resources */,
			);
			buildRules = (
			);
			dependencies = (
			);
			name = MunchiOS;
			productName = MunchiOS;
			productReference = 824E98AB1F351ACD00251320 /* MunchiOS.app */;
			productType = "com.apple.product-type.application";
		};
		824E98C11F351ACD00251320 /* MunchiOSTests */ = {
			isa = PBXNativeTarget;
			buildConfigurationList = 824E98D91F351ACE00251320 /* Build configuration list for PBXNativeTarget "MunchiOSTests" */;
			buildPhases = (
				824E98BE1F351ACD00251320 /* Sources */,
				824E98BF1F351ACD00251320 /* Frameworks */,
				824E98C01F351ACD00251320 /* Resources */,
			);
			buildRules = (
			);
			dependencies = (
				824E98C41F351ACD00251320 /* PBXTargetDependency */,
			);
			name = MunchiOSTests;
			productName = MunchiOSTests;
			productReference = 824E98C21F351ACD00251320 /* MunchiOSTests.xctest */;
			productType = "com.apple.product-type.bundle.unit-test";
		};
		824E98CC1F351ACD00251320 /* MunchiOSUITests */ = {
			isa = PBXNativeTarget;
			buildConfigurationList = 824E98DC1F351ACE00251320 /* Build configuration list for PBXNativeTarget "MunchiOSUITests" */;
			buildPhases = (
				824E98C91F351ACD00251320 /* Sources */,
				824E98CA1F351ACD00251320 /* Frameworks */,
				824E98CB1F351ACD00251320 /* Resources */,
			);
			buildRules = (
			);
			dependencies = (
				824E98CF1F351ACD00251320 /* PBXTargetDependency */,
			);
			name = MunchiOSUITests;
			productName = MunchiOSUITests;
			productReference = 824E98CD1F351ACD00251320 /* MunchiOSUITests.xctest */;
			productType = "com.apple.product-type.bundle.ui-testing";
		};
/* End PBXNativeTarget section */

/* Begin PBXProject section */
		824E98A31F351ACD00251320 /* Project object */ = {
			isa = PBXProject;
			attributes = {
				LastSwiftUpdateCheck = 0830;
				LastUpgradeCheck = 0830;
				ORGANIZATIONNAME = "Eli Simmonds";
				TargetAttributes = {
					824E98AA1F351ACD00251320 = {
						CreatedOnToolsVersion = 8.3.3;
						DevelopmentTeam = 6Z4G95PNNA;
						ProvisioningStyle = Automatic;
					};
					824E98C11F351ACD00251320 = {
						CreatedOnToolsVersion = 8.3.3;
						DevelopmentTeam = 6Z4G95PNNA;
						ProvisioningStyle = Automatic;
						TestTargetID = 824E98AA1F351ACD00251320;
					};
					824E98CC1F351ACD00251320 = {
						CreatedOnToolsVersion = 8.3.3;
						DevelopmentTeam = 6Z4G95PNNA;
						ProvisioningStyle = Automatic;
						TestTargetID = 824E98AA1F351ACD00251320;
					};
				};
			};
			buildConfigurationList = 824E98A61F351ACD00251320 /* Build configuration list for PBXProject "MunchiOS" */;
			compatibilityVersion = "Xcode 3.2";
			developmentRegion = English;
			hasScannedForEncodings = 0;
			knownRegions = (
				en,
				Base,
			);
			mainGroup = 824E98A21F351ACD00251320;
			productRefGroup = 824E98AC1F351ACD00251320 /* Products */;
			projectDirPath = "";
			projectRoot = "";
			targets = (
				824E98AA1F351ACD00251320 /* MunchiOS */,
				824E98C11F351ACD00251320 /* MunchiOSTests */,
				824E98CC1F351ACD00251320 /* MunchiOSUITests */,
			);
		};
/* End PBXProject section */

/* Begin PBXResourcesBuildPhase section */
		824E98A91F351ACD00251320 /* Resources */ = {
			isa = PBXResourcesBuildPhase;
			buildActionMask = 2147483647;
			files = (
				824E98BC1F351ACD00251320 /* LaunchScreen.storyboard in Resources */,
				824E98B91F351ACD00251320 /* Assets.xcassets in Resources */,
				824E98B41F351ACD00251320 /* Main.storyboard in Resources */,
			);
			runOnlyForDeploymentPostprocessing = 0;
		};
		824E98C01F351ACD00251320 /* Resources */ = {
			isa = PBXResourcesBuildPhase;
			buildActionMask = 2147483647;
			files = (
			);
			runOnlyForDeploymentPostprocessing = 0;
		};
		824E98CB1F351ACD00251320 /* Resources */ = {
			isa = PBXResourcesBuildPhase;
			buildActionMask = 2147483647;
			files = (
			);
			runOnlyForDeploymentPostprocessing = 0;
		};
/* End PBXResourcesBuildPhase section */

/* Begin PBXSourcesBuildPhase section */
		824E98A71F351ACD00251320 /* Sources */ = {
			isa = PBXSourcesBuildPhase;
			buildActionMask = 2147483647;
			files = (
				824E98B11F351ACD00251320 /* ViewController.swift in Sources */,
				824E98B71F351ACD00251320 /* MunchiOS.xcdatamodeld in Sources */,
				824E98AF1F351ACD00251320 /* AppDelegate.swift in Sources */,
			);
			runOnlyForDeploymentPostprocessing = 0;
		};
		824E98BE1F351ACD00251320 /* Sources */ = {
			isa = PBXSourcesBuildPhase;
			buildActionMask = 2147483647;
			files = (
				824E98C71F351ACD00251320 /* MunchiOSTests.swift in Sources */,
			);
			runOnlyForDeploymentPostprocessing = 0;
		};
		824E98C91F351ACD00251320 /* Sources */ = {
			isa = PBXSourcesBuildPhase;
			buildActionMask = 2147483647;
			files = (
				824E98D21F351ACD00251320 /* MunchiOSUITests.swift in Sources */,
			);
			runOnlyForDeploymentPostprocessing = 0;
		};
/* End PBXSourcesBuildPhase section */

/* Begin PBXTargetDependency section */
		824E98C41F351ACD00251320 /* PBXTargetDependency */ = {
			isa = PBXTargetDependency;
			target = 824E98AA1F351ACD00251320 /* MunchiOS */;
			targetProxy = 824E98C31F351ACD00251320 /* PBXContainerItemProxy */;
		};
		824E98CF1F351ACD00251320 /* PBXTargetDependency */ = {
			isa = PBXTargetDependency;
			target = 824E98AA1F351ACD00251320 /* MunchiOS */;
			targetProxy = 824E98CE1F351ACD00251320 /* PBXContainerItemProxy */;
		};
/* End PBXTargetDependency section */

/* Begin PBXVariantGroup section */
		824E98B21F351ACD00251320 /* Main.storyboard */ = {
			isa = PBXVariantGroup;
			children = (
				824E98B31F351ACD00251320 /* Base */,
			);
			name = Main.storyboard;
			sourceTree = "<group>";
		};
		824E98BA1F351ACD00251320 /* LaunchScreen.storyboard */ = {
			isa = PBXVariantGroup;
			children = (
				824E98BB1F351ACD00251320 /* Base */,
			);
			name = LaunchScreen.storyboard;
			sourceTree = "<group>";
		};
/* End PBXVariantGroup section */

/* Begin XCBuildConfiguration section */
		824E98D41F351ACE00251320 /* Debug */ = {
			isa = XCBuildConfiguration;
			buildSettings = {
				ALWAYS_SEARCH_USER_PATHS = NO;
				CLANG_ANALYZER_NONNULL = YES;
				CLANG_ANALYZER_NUMBER_OBJECT_CONVERSION = YES_AGGRESSIVE;
				CLANG_CXX_LANGUAGE_STANDARD = "gnu++0x";
				CLANG_CXX_LIBRARY = "libc++";
				CLANG_ENABLE_MODULES = YES;
				CLANG_ENABLE_OBJC_ARC = YES;
				CLANG_WARN_BOOL_CONVERSION = YES;
				CLANG_WARN_CONSTANT_CONVERSION = YES;
				CLANG_WARN_DIRECT_OBJC_ISA_USAGE = YES_ERROR;
				CLANG_WARN_DOCUMENTATION_COMMENTS = YES;
				CLANG_WARN_EMPTY_BODY = YES;
				CLANG_WARN_ENUM_CONVERSION = YES;
				CLANG_WARN_INFINITE_RECURSION = YES;
				CLANG_WARN_INT_CONVERSION = YES;
				CLANG_WARN_OBJC_ROOT_CLASS = YES_ERROR;
				CLANG_WARN_SUSPICIOUS_MOVE = YES;
				CLANG_WARN_UNREACHABLE_CODE = YES;
				CLANG_WARN__DUPLICATE_METHOD_MATCH = YES;
				"CODE_SIGN_IDENTITY[sdk=iphoneos*]" = "iPhone Developer";
				COPY_PHASE_STRIP = NO;
				DEBUG_INFORMATION_FORMAT = dwarf;
				ENABLE_STRICT_OBJC_MSGSEND = YES;
				ENABLE_TESTABILITY = YES;
				GCC_C_LANGUAGE_STANDARD = gnu99;
				GCC_DYNAMIC_NO_PIC = NO;
				GCC_NO_COMMON_BLOCKS = YES;
				GCC_OPTIMIZATION_LEVEL = 0;
				GCC_PREPROCESSOR_DEFINITIONS = (
					"DEBUG=1",
					"$(inherited)",
				);
				GCC_WARN_64_TO_32_BIT_CONVERSION = YES;
				GCC_WARN_ABOUT_RETURN_TYPE = YES_ERROR;
				GCC_WARN_UNDECLARED_SELECTOR = YES;
				GCC_WARN_UNINITIALIZED_AUTOS = YES_AGGRESSIVE;
				GCC_WARN_UNUSED_FUNCTION = YES;
				GCC_WARN_UNUSED_VARIABLE = YES;
				IPHONEOS_DEPLOYMENT_TARGET = 10.3;
				MTL_ENABLE_DEBUG_INFO = YES;
				ONLY_ACTIVE_ARCH = YES;
				SDKROOT = iphoneos;
				SWIFT_ACTIVE_COMPILATION_CONDITIONS = DEBUG;
				SWIFT_OPTIMIZATION_LEVEL = "-Onone";
				TARGETED_DEVICE_FAMILY = "1,2";
			};
			name = Debug;
		};
		824E98D51F351ACE00251320 /* Release */ = {
			isa = XCBuildConfiguration;
			buildSettings = {
				ALWAYS_SEARCH_USER_PATHS = NO;
				CLANG_ANALYZER_NONNULL = YES;
				CLANG_ANALYZER_NUMBER_OBJECT_CONVERSION = YES_AGGRESSIVE;
				CLANG_CXX_LANGUAGE_STANDARD = "gnu++0x";
				CLANG_CXX_LIBRARY = "libc++";
				CLANG_ENABLE_MODULES = YES;
				CLANG_ENABLE_OBJC_ARC = YES;
				CLANG_WARN_BOOL_CONVERSION = YES;
				CLANG_WARN_CONSTANT_CONVERSION = YES;
				CLANG_WARN_DIRECT_OBJC_ISA_USAGE = YES_ERROR;
				CLANG_WARN_DOCUMENTATION_COMMENTS = YES;
				CLANG_WARN_EMPTY_BODY = YES;
				CLANG_WARN_ENUM_CONVERSION = YES;
				CLANG_WARN_INFINITE_RECURSION = YES;
				CLANG_WARN_INT_CONVERSION = YES;
				CLANG_WARN_OBJC_ROOT_CLASS = YES_ERROR;
				CLANG_WARN_SUSPICIOUS_MOVE = YES;
				CLANG_WARN_UNREACHABLE_CODE = YES;
				CLANG_WARN__DUPLICATE_METHOD_MATCH = YES;
				"CODE_SIGN_IDENTITY[sdk=iphoneos*]" = "iPhone Developer";
				COPY_PHASE_STRIP = NO;
				DEBUG_INFORMATION_FORMAT = "dwarf-with-dsym";
				ENABLE_NS_ASSERTIONS = NO;
				ENABLE_STRICT_OBJC_MSGSEND = YES;
				GCC_C_LANGUAGE_STANDARD = gnu99;
				GCC_NO_COMMON_BLOCKS = YES;
				GCC_WARN_64_TO_32_BIT_CONVERSION = YES;
				GCC_WARN_ABOUT_RETURN_TYPE = YES_ERROR;
				GCC_WARN_UNDECLARED_SELECTOR = YES;
				GCC_WARN_UNINITIALIZED_AUTOS = YES_AGGRESSIVE;
				GCC_WARN_UNUSED_FUNCTION = YES;
				GCC_WARN_UNUSED_VARIABLE = YES;
				IPHONEOS_DEPLOYMENT_TARGET = 10.3;
				MTL_ENABLE_DEBUG_INFO = NO;
				SDKROOT = iphoneos;
				SWIFT_OPTIMIZATION_LEVEL = "-Owholemodule";
				TARGETED_DEVICE_FAMILY = "1,2";
				VALIDATE_PRODUCT = YES;
			};
			name = Release;
		};
		824E98D71F351ACE00251320 /* Debug */ = {
			isa = XCBuildConfiguration;
			buildSettings = {
				ASSETCATALOG_COMPILER_APPICON_NAME = AppIcon;
				DEVELOPMENT_TEAM = 6Z4G95PNNA;
				INFOPLIST_FILE = MunchiOS/Info.plist;
				LD_RUNPATH_SEARCH_PATHS = "$(inherited) @executable_path/Frameworks";
				PRODUCT_BUNDLE_IDENTIFIER = Simmonds.MunchiOS;
				PRODUCT_NAME = "$(TARGET_NAME)";
				SWIFT_VERSION = 3.0;
			};
			name = Debug;
		};
		824E98D81F351ACE00251320 /* Release */ = {
			isa = XCBuildConfiguration;
			buildSettings = {
				ASSETCATALOG_COMPILER_APPICON_NAME = AppIcon;
				DEVELOPMENT_TEAM = 6Z4G95PNNA;
				INFOPLIST_FILE = MunchiOS/Info.plist;
				LD_RUNPATH_SEARCH_PATHS = "$(inherited) @executable_path/Frameworks";
				PRODUCT_BUNDLE_IDENTIFIER = Simmonds.MunchiOS;
				PRODUCT_NAME = "$(TARGET_NAME)";
				SWIFT_VERSION = 3.0;
			};
			name = Release;
		};
		824E98DA1F351ACE00251320 /* Debug */ = {
			isa = XCBuildConfiguration;
			buildSettings = {
				ALWAYS_EMBED_SWIFT_STANDARD_LIBRARIES = YES;
				BUNDLE_LOADER = "$(TEST_HOST)";
				DEVELOPMENT_TEAM = 6Z4G95PNNA;
				INFOPLIST_FILE = MunchiOSTests/Info.plist;
				LD_RUNPATH_SEARCH_PATHS = "$(inherited) @executable_path/Frameworks @loader_path/Frameworks";
				PRODUCT_BUNDLE_IDENTIFIER = Simmonds.MunchiOSTests;
				PRODUCT_NAME = "$(TARGET_NAME)";
				SWIFT_VERSION = 3.0;
				TEST_HOST = "$(BUILT_PRODUCTS_DIR)/MunchiOS.app/MunchiOS";
			};
			name = Debug;
		};
		824E98DB1F351ACE00251320 /* Release */ = {
			isa = XCBuildConfiguration;
			buildSettings = {
				ALWAYS_EMBED_SWIFT_STANDARD_LIBRARIES = YES;
				BUNDLE_LOADER = "$(TEST_HOST)";
				DEVELOPMENT_TEAM = 6Z4G95PNNA;
				INFOPLIST_FILE = MunchiOSTests/Info.plist;
				LD_RUNPATH_SEARCH_PATHS = "$(inherited) @executable_path/Frameworks @loader_path/Frameworks";
				PRODUCT_BUNDLE_IDENTIFIER = Simmonds.MunchiOSTests;
				PRODUCT_NAME = "$(TARGET_NAME)";
				SWIFT_VERSION = 3.0;
				TEST_HOST = "$(BUILT_PRODUCTS_DIR)/MunchiOS.app/MunchiOS";
			};
			name = Release;
		};
		824E98DD1F351ACE00251320 /* Debug */ = {
			isa = XCBuildConfiguration;
			buildSettings = {
				ALWAYS_EMBED_SWIFT_STANDARD_LIBRARIES = YES;
				DEVELOPMENT_TEAM = 6Z4G95PNNA;
				INFOPLIST_FILE = MunchiOSUITests/Info.plist;
				LD_RUNPATH_SEARCH_PATHS = "$(inherited) @executable_path/Frameworks @loader_path/Frameworks";
				PRODUCT_BUNDLE_IDENTIFIER = Simmonds.MunchiOSUITests;
				PRODUCT_NAME = "$(TARGET_NAME)";
				SWIFT_VERSION = 3.0;
				TEST_TARGET_NAME = MunchiOS;
			};
			name = Debug;
		};
		824E98DE1F351ACE00251320 /* Release */ = {
			isa = XCBuildConfiguration;
			buildSettings = {
				ALWAYS_EMBED_SWIFT_STANDARD_LIBRARIES = YES;
				DEVELOPMENT_TEAM = 6Z4G95PNNA;
				INFOPLIST_FILE = MunchiOSUITests/Info.plist;
				LD_RUNPATH_SEARCH_PATHS = "$(inherited) @executable_path/Frameworks @loader_path/Frameworks";
				PRODUCT_BUNDLE_IDENTIFIER = Simmonds.MunchiOSUITests;
				PRODUCT_NAME = "$(TARGET_NAME)";
				SWIFT_VERSION = 3.0;
				TEST_TARGET_NAME = MunchiOS;
			};
			name = Release;
		};
/* End XCBuildConfiguration section */

/* Begin XCConfigurationList section */
		824E98A61F351ACD00251320 /* Build configuration list for PBXProject "MunchiOS" */ = {
			isa = XCConfigurationList;
			buildConfigurations = (
				824E98D41F351ACE00251320 /* Debug */,
				824E98D51F351ACE00251320 /* Release */,
			);
			defaultConfigurationIsVisible = 0;
			defaultConfigurationName = Release;
		};
		824E98D61F351ACE00251320 /* Build configuration list for PBXNativeTarget "MunchiOS" */ = {
			isa = XCConfigurationList;
			buildConfigurations = (
				824E98D71F351ACE00251320 /* Debug */,
				824E98D81F351ACE00251320 /* Release */,
			);
			defaultConfigurationIsVisible = 0;
		};
		824E98D91F351ACE00251320 /* Build configuration list for PBXNativeTarget "MunchiOSTests" */ = {
			isa = XCConfigurationList;
			buildConfigurations = (
				824E98DA1F351ACE00251320 /* Debug */,
				824E98DB1F351ACE00251320 /* Release */,
			);
			defaultConfigurationIsVisible = 0;
		};
		824E98DC1F351ACE00251320 /* Build configuration list for PBXNativeTarget "MunchiOSUITests" */ = {
			isa = XCConfigurationList;
			buildConfigurations = (
				824E98DD1F351ACE00251320 /* Debug */,
				824E98DE1F351ACE00251320 /* Release */,
			);
			defaultConfigurationIsVisible = 0;
		};
/* End XCConfigurationList section */

/* Begin XCVersionGroup section */
		824E98B51F351ACD00251320 /* MunchiOS.xcdatamodeld */ = {
			isa = XCVersionGroup;
			children = (
				824E98B61F351ACD00251320 /* MunchiOS.xcdatamodel */,
			);
			currentVersion = 824E98B61F351ACD00251320 /* MunchiOS.xcdatamodel */;
			path = MunchiOS.xcdatamodeld;
			sourceTree = "<group>";
			versionGroupType = wrapper.xcdatamodel;
		};
/* End XCVersionGroup section */
	};
	rootObject = 824E98A31F351ACD00251320 /* Project object */;
}
